
Microsoft Visual Studio Solution File, Format Version 12.00
# Visual Studio 15
VisualStudioVersion = 15.0.28010.2046
MinimumVisualStudioVersion = 10.0.40219.1
Project("{FAE04EC0-301F-11D3-BF4B-00C04F79EFBC}") = "EmployeeCRUD", "EmployeeCRUD\EmployeeCRUD.csproj", "{A65C6469-6D3D-46C7-8F18-D8CA1E3F64E9}"
EndProject
Project("{FAE04EC0-301F-11D3-BF4B-00C04F79EFBC}") = "Repositories", "Repositories\Repositories.csproj", "{A8617FE6-67E4-471A-ADA3-65D0FD917355}"
EndProject
Project("{FAE04EC0-301F-11D3-BF4B-00C04F79EFBC}") = "Services", "Services\Services.csproj", "{6C5C1124-CAA0-4FA0-B4F1-2DA0896C731F}"
EndProject
Project("{FAE04EC0-301F-11D3-BF4B-00C04F79EFBC}") = "Core", "Core\Core.csproj", "{75AA7A39-F55F-47CC-A364-6FE11549A62C}"
EndProject
Project("{FAE04EC0-301F-11D3-BF4B-00C04F79EFBC}") = "Helpers", "Helpers\Helpers.csproj", "{729A1645-7584-4EEF-88F9-3A4644DFC223}"
EndProject
Project("{2150E333-8FDC-42A3-9474-1A3956D46DE8}") = "Common", "Common", "{0603B492-E50C-4803-9981-D0DD4066327C}"
EndProject
Project("{FAE04EC0-301F-11D3-BF4B-00C04F79EFBC}") = "Ioc", "Ioc\Ioc.csproj", "{D9B46C63-B7FF-4138-A465-02DD751B05C0}"
EndProject
Global
	GlobalSection(SolutionConfigurationPlatforms) = preSolution
		Debug|Any CPU = Debug|Any CPU
		Release|Any CPU = Release|Any CPU
	EndGlobalSection
	GlobalSection(ProjectConfigurationPlatforms) = postSolution
		{A65C6469-6D3D-46C7-8F18-D8CA1E3F64E9}.Debug|Any CPU.ActiveCfg = Debug|Any CPU
		{A65C6469-6D3D-46C7-8F18-D8CA1E3F64E9}.Debug|Any CPU.Build.0 = Debug|Any CPU
		{A65C6469-6D3D-46C7-8F18-D8CA1E3F64E9}.Release|Any CPU.ActiveCfg = Release|Any CPU
		{A65C6469-6D3D-46C7-8F18-D8CA1E3F64E9}.Release|Any CPU.Build.0 = Release|Any CPU
		{A8617FE6-67E4-471A-ADA3-65D0FD917355}.Debug|Any CPU.ActiveCfg = Debug|Any CPU
		{A8617FE6-67E4-471A-ADA3-65D0FD917355}.Debug|Any CPU.Build.0 = Debug|Any CPU
		{A8617FE6-67E4-471A-ADA3-65D0FD917355}.Release|Any CPU.ActiveCfg = Release|Any CPU
		{A8617FE6-67E4-471A-ADA3-65D0FD917355}.Release|Any CPU.Build.0 = Release|Any CPU
		{6C5C1124-CAA0-4FA0-B4F1-2DA0896C731F}.Debug|Any CPU.ActiveCfg = Debug|Any CPU
		{6C5C1124-CAA0-4FA0-B4F1-2DA0896C731F}.Debug|Any CPU.Build.0 = Debug|Any CPU
		{6C5C1124-CAA0-4FA0-B4F1-2DA0896C731F}.Release|Any CPU.ActiveCfg = Release|Any CPU
		{6C5C1124-CAA0-4FA0-B4F1-2DA0896C731F}.Release|Any CPU.Build.0 = Release|Any CPU
		{75AA7A39-F55F-47CC-A364-6FE11549A62C}.Debug|Any CPU.ActiveCfg = Debug|Any CPU
		{75AA7A39-F55F-47CC-A364-6FE11549A62C}.Debug|Any CPU.Build.0 = Debug|Any CPU
		{75AA7A39-F55F-47CC-A364-6FE11549A62C}.Release|Any CPU.ActiveCfg = Release|Any CPU
		{75AA7A39-F55F-47CC-A364-6FE11549A62C}.Release|Any CPU.Build.0 = Release|Any CPU
		{729A1645-7584-4EEF-88F9-3A4644DFC223}.Debug|Any CPU.ActiveCfg = Debug|Any CPU
		{729A1645-7584-4EEF-88F9-3A4644DFC223}.Debug|Any CPU.Build.0 = Debug|Any CPU
		{729A1645-7584-4EEF-88F9-3A4644DFC223}.Release|Any CPU.ActiveCfg = Release|Any CPU
		{729A1645-7584-4EEF-88F9-3A4644DFC223}.Release|Any CPU.Build.0 = Release|Any CPU
		{D9B46C63-B7FF-4138-A465-02DD751B05C0}.Debug|Any CPU.ActiveCfg = Debug|Any CPU
		{D9B46C63-B7FF-4138-A465-02DD751B05C0}.Debug|Any CPU.Build.0 = Debug|Any CPU
		{D9B46C63-B7FF-4138-A465-02DD751B05C0}.Release|Any CPU.ActiveCfg = Release|Any CPU
		{D9B46C63-B7FF-4138-A465-02DD751B05C0}.Release|Any CPU.Build.0 = Release|Any CPU
	EndGlobalSection
	GlobalSection(SolutionProperties) = preSolution
		HideSolutionNode = FALSE
	EndGlobalSection
	GlobalSection(NestedProjects) = preSolution
		{D9B46C63-B7FF-4138-A465-02DD751B05C0} = {0603B492-E50C-4803-9981-D0DD4066327C}
	EndGlobalSection
	GlobalSection(ExtensibilityGlobals) = postSolution
		SolutionGuid = {C31B16E0-6982-4B20-B038-2BF427E98D5A}
	EndGlobalSection
EndGlobal
